<?xml version="1.0" encoding="utf-8"?>
<Project ToolsVersion="4.0" xmlns="http://schemas.microsoft.com/developer/msbuild/2003">
  <ItemGroup>
    <Filter Include="소스 파일">
      <UniqueIdentifier>{4FC737F1-C7A5-4376-A066-2A32D752A2FF}</UniqueIdentifier>
      <Extensions>cpp;c;cc;cxx;c++;cppm;ixx;def;odl;idl;hpj;bat;asm;asmx</Extensions>
    </Filter>
    <Filter Include="헤더 파일">
      <UniqueIdentifier>{93995380-89BD-4b04-88EB-625FBE52EBFB}</UniqueIdentifier>
      <Extensions>h;hh;hpp;hxx;h++;hm;inl;inc;ipp;xsd</Extensions>
    </Filter>
    <Filter Include="리소스 파일">
      <UniqueIdentifier>{67DA6AB6-F800-4c08-8B7A-83BB121AAD01}</UniqueIdentifier>
      <Extensions>rc;ico;cur;bmp;dlg;rc2;rct;bin;rgs;gif;jpg;jpeg;jpe;resx;tiff;tif;png;wav;mfcribbon-ms</Extensions>
    </Filter>
    <Filter Include="헤더 파일\graphic">
      <UniqueIdentifier>{da7707c3-5d95-4c52-a7da-14667c42bbdf}</UniqueIdentifier>
    </Filter>
    <Filter Include="헤더 파일\tetris">
      <UniqueIdentifier>{41a07d7c-45cf-404d-989c-2295ceba9a84}</UniqueIdentifier>
    </Filter>
    <Filter Include="헤더 파일\ui">
      <UniqueIdentifier>{f2d68a4e-f358-4a59-85d7-89a7fc7b9abd}</UniqueIdentifier>
    </Filter>
    <Filter Include="헤더 파일\network">
      <UniqueIdentifier>{9f01b8c6-c3d5-4c90-a4aa-470f35d8fbc4}</UniqueIdentifier>
    </Filter>
    <Filter Include="헤더 파일\utill">
      <UniqueIdentifier>{3044722a-0165-492a-b202-a2d16f5ef8f4}</UniqueIdentifier>
    </Filter>
    <Filter Include="헤더 파일\tetris\file object">
      <UniqueIdentifier>{4fe86ad4-a561-4c09-981b-b2175569c315}</UniqueIdentifier>
    </Filter>
    <Filter Include="헤더 파일\file">
      <UniqueIdentifier>{4b562c4b-93a1-4a10-b2e2-5e3bc8d50046}</UniqueIdentifier>
    </Filter>
  </ItemGroup>
  <ItemGroup>
    <ClInclude Include="header\bean.h">
      <Filter>헤더 파일</Filter>
    </ClInclude>
    <ClInclude Include="header\Timer.h">
      <Filter>헤더 파일</Filter>
    </ClInclude>
    <ClInclude Include="header\ColorPainter.h">
      <Filter>헤더 파일\graphic</Filter>
    </ClInclude>
    <ClInclude Include="header\ColorPrinter.h">
      <Filter>헤더 파일\graphic</Filter>
    </ClInclude>
    <ClInclude Include="header\Painter.h">
      <Filter>헤더 파일\graphic</Filter>
    </ClInclude>
    <ClInclude Include="header\Printer.h">
      <Filter>헤더 파일\graphic</Filter>
    </ClInclude>
    <ClInclude Include="header\Consol.h">
      <Filter>헤더 파일\graphic</Filter>
    </ClInclude>
    <ClInclude Include="header\Block.h">
      <Filter>헤더 파일\tetris</Filter>
    </ClInclude>
    <ClInclude Include="header\BlockBoard.h">
      <Filter>헤더 파일\tetris</Filter>
    </ClInclude>
    <ClInclude Include="header\BlockCreator.h">
      <Filter>헤더 파일\tetris</Filter>
    </ClInclude>
    <ClInclude Include="header\MainScreen.h">
      <Filter>헤더 파일\tetris</Filter>
    </ClInclude>
    <ClInclude Include="header\scoreBoard.h">
      <Filter>헤더 파일\tetris</Filter>
    </ClInclude>
    <ClInclude Include="header\scoreManager.h">
      <Filter>헤더 파일\tetris</Filter>
    </ClInclude>
    <ClInclude Include="header\SubScreen.h">
      <Filter>헤더 파일\tetris</Filter>
    </ClInclude>
    <ClInclude Include="header\Tetris.h">
      <Filter>헤더 파일\tetris</Filter>
    </ClInclude>
    <ClInclude Include="header\ButtonSelectScene.h">
      <Filter>헤더 파일\ui</Filter>
    </ClInclude>
    <ClInclude Include="header\Scanner.h">
      <Filter>헤더 파일\ui</Filter>
    </ClInclude>
    <ClInclude Include="header\Scene.h">
      <Filter>헤더 파일\ui</Filter>
    </ClInclude>
    <ClInclude Include="header\SingleModeGameScene.h">
      <Filter>헤더 파일\ui</Filter>
    </ClInclude>
    <ClInclude Include="header\TextInputScene.h">
      <Filter>헤더 파일\ui</Filter>
    </ClInclude>
    <ClInclude Include="header\Director.h">
      <Filter>헤더 파일\ui</Filter>
    </ClInclude>
    <ClInclude Include="header\client.h">
      <Filter>헤더 파일\network</Filter>
    </ClInclude>
    <ClInclude Include="header\KeyInput.h">
      <Filter>헤더 파일\ui</Filter>
    </ClInclude>
    <ClInclude Include="header\string+.h">
      <Filter>헤더 파일\utill</Filter>
    </ClInclude>
    <ClInclude Include="header\random.h">
      <Filter>헤더 파일\utill</Filter>
    </ClInclude>
    <ClInclude Include="header\test.h">
      <Filter>헤더 파일\utill</Filter>
    </ClInclude>
    <ClInclude Include="header\system.h">
      <Filter>헤더 파일\utill</Filter>
    </ClInclude>
    <ClInclude Include="header\Canvas.h">
      <Filter>헤더 파일\ui</Filter>
    </ClInclude>
    <ClInclude Include="header\error.h">
      <Filter>헤더 파일\utill</Filter>
    </ClInclude>
    <ClInclude Include="header\Uuid.h">
      <Filter>헤더 파일\utill</Filter>
    </ClInclude>
    <ClInclude Include="header\ListUI.h">
      <Filter>헤더 파일\ui</Filter>
    </ClInclude>
    <ClInclude Include="header\UIElement.h">
      <Filter>헤더 파일\ui</Filter>
    </ClInclude>
    <ClInclude Include="header\ScannerCreator.h">
      <Filter>헤더 파일\ui</Filter>
    </ClInclude>
    <ClInclude Include="header\UIScene.h">
      <Filter>헤더 파일\ui</Filter>
    </ClInclude>
    <ClInclude Include="header\UIScannerElement.h">
      <Filter>헤더 파일\ui</Filter>
    </ClInclude>
    <ClInclude Include="header\User.h">
      <Filter>헤더 파일\tetris\file object</Filter>
    </ClInclude>
    <ClInclude Include="header\UserDao.h">
      <Filter>헤더 파일\tetris\file object</Filter>
    </ClInclude>
    <ClInclude Include="header\UserManager.h">
      <Filter>헤더 파일\tetris\file object</Filter>
    </ClInclude>
    <ClInclude Include="header\singleScoreDao.h">
      <Filter>헤더 파일\tetris\file object</Filter>
    </ClInclude>
    <ClInclude Include="header\singleScore.h">
      <Filter>헤더 파일\tetris\file object</Filter>
    </ClInclude>
    <ClInclude Include="header\FileManager.h">
      <Filter>헤더 파일\file</Filter>
    </ClInclude>
    <ClInclude Include="header\Dao.h">
      <Filter>헤더 파일\file</Filter>
    </ClInclude>
    <ClInclude Include="header\SingleScoreManager.h">
      <Filter>헤더 파일\tetris\file object</Filter>
    </ClInclude>
    <ClInclude Include="header\UIListElement.h">
      <Filter>헤더 파일\ui</Filter>
    </ClInclude>
    <ClInclude Include="header\Toast.h">
      <Filter>헤더 파일\ui</Filter>
    </ClInclude>
    <ClInclude Include="header\NoticeToast.h">
      <Filter>헤더 파일\ui</Filter>
    </ClInclude>
    <ClInclude Include="header\InputToast.h">
      <Filter>헤더 파일\ui</Filter>
    </ClInclude>
    <ClInclude Include="header\Calender.h">
      <Filter>헤더 파일\utill</Filter>
    </ClInclude>
    <ClInclude Include="header\FunctionScene.h">
      <Filter>헤더 파일\ui</Filter>
    </ClInclude>
  </ItemGroup>
  <ItemGroup>
    <ClCompile Include="source\client.cpp">
      <Filter>소스 파일</Filter>
    </ClCompile>
    <ClCompile Include="source\main.cpp">
      <Filter>소스 파일</Filter>
    </ClCompile>
    <ClCompile Include="source\error.cpp">
      <Filter>소스 파일</Filter>
    </ClCompile>
    <ClCompile Include="source\string+.cpp">
      <Filter>소스 파일</Filter>
    </ClCompile>
    <ClCompile Include="source\test.cpp">
      <Filter>소스 파일</Filter>
    </ClCompile>
  </ItemGroup>
  <ItemGroup>
    <Text Include="single mode score.txt">
      <Filter>리소스 파일</Filter>
    </Text>
  </ItemGroup>
</Project>