
Microsoft Visual Studio Solution File, Format Version 12.00
# Visual Studio Version 16
VisualStudioVersion = 16.0.31129.286
MinimumVisualStudioVersion = 10.0.40219.1
Project("{8BC9CEB8-8B4A-11D0-8D11-00A0C91BC942}") = "tetris_server", "tetris_server.vcxproj", "{D0A14FC9-044E-4DC6-843F-4A2692696660}"
EndProject
Global
	GlobalSection(SolutionConfigurationPlatforms) = preSolution
		Debug|x64 = Debug|x64
		Debug|x86 = Debug|x86
		Release|x64 = Release|x64
		Release|x86 = Release|x86
	EndGlobalSection
	GlobalSection(ProjectConfigurationPlatforms) = postSolution
		{D0A14FC9-044E-4DC6-843F-4A2692696660}.Debug|x64.ActiveCfg = Debug|x64
		{D0A14FC9-044E-4DC6-843F-4A2692696660}.Debug|x64.Build.0 = Debug|x64
		{D0A14FC9-044E-4DC6-843F-4A2692696660}.Debug|x86.ActiveCfg = Debug|Win32
		{D0A14FC9-044E-4DC6-843F-4A2692696660}.Debug|x86.Build.0 = Debug|Win32
		{D0A14FC9-044E-4DC6-843F-4A2692696660}.Release|x64.ActiveCfg = Release|x64
		{D0A14FC9-044E-4DC6-843F-4A2692696660}.Release|x64.Build.0 = Release|x64
		{D0A14FC9-044E-4DC6-843F-4A2692696660}.Release|x86.ActiveCfg = Release|Win32
		{D0A14FC9-044E-4DC6-843F-4A2692696660}.Release|x86.Build.0 = Release|Win32
	EndGlobalSection
	GlobalSection(SolutionProperties) = preSolution
		HideSolutionNode = FALSE
	EndGlobalSection
	GlobalSection(ExtensibilityGlobals) = postSolution
		SolutionGuid = {5FD251FB-8AF0-4101-A15A-058D045E47A6}
	EndGlobalSection
EndGlobal
